schema: '2.0'
stages:
  evaluation:
    cmd: python src/dataprep.py
    deps:
    - path: data/Housing.csv
      hash: md5
      md5: 801f8030dad1df22a53edfdbfa4e80f0
      size: 29981
    - path: src/dataprep.py
      hash: md5
      md5: eef0e6c3aa30600f4fbf9c1991267e8f
      size: 3066
    params:
      params.yaml:
        model:
          n_estimators: 1000
          max_depth: 7
          eta: 0.01
          subsample: 0.7
          colsample_bytree: 0.8
    outs:
    - path: dvclive/metrics.json
      hash: md5
      md5: 37980e540583dae7aef62748e4e1310b
      size: 175
    - path: dvclive/plots
      hash: md5
      md5: a8abef138a3d7a3b13824ddffcd318e4.dir
      size: 18911
      nfiles: 6
