schema: '2.0'
stages:
  evaluation:
    cmd: python src/dataprep.py
    deps:
    - path: data/Housing.csv
      hash: md5
      md5: 801f8030dad1df22a53edfdbfa4e80f0
      size: 29981
    - path: src/dataprep.py
      hash: md5
      md5: 28b0b97553f0c81f3672a88b2b087b5c
      size: 1773
    params:
      params.yaml:
        model:
          colsample_bynode: 0.8
          learning_rate: 1
          max_depth: 5
          num_parallel_tree: 100
          objective: binary:logistic
          subsample: 0.8
          tree_method: gpu_hist
          eta: 0.01
    outs:
    - path: dvclive/metrics.json
      hash: md5
      md5: 48525f52ac2893d2375600bf7a41f742
      size: 337
